
Microsoft Visual Studio Solution File, Format Version 12.00
# Visual Studio Version 17
VisualStudioVersion = 17.10.35013.160
MinimumVisualStudioVersion = 10.0.40219.1
Project("{FAE04EC0-301F-11D3-BF4B-00C04F79EFBC}") = "Chattitude_v1", "Chattitude_v1\Chattitude_v1.csproj", "{10304207-735E-40CC-8073-6CF89D1C6595}"
EndProject
Project("{FAE04EC0-301F-11D3-BF4B-00C04F79EFBC}") = "LibChat", "LibChat\LibChat.csproj", "{58ECB5F8-FC6B-438D-9AC7-B89DCBA0735E}"
EndProject
Global
	GlobalSection(SolutionConfigurationPlatforms) = preSolution
		Debug|Any CPU = Debug|Any CPU
		Release|Any CPU = Release|Any CPU
	EndGlobalSection
	GlobalSection(ProjectConfigurationPlatforms) = postSolution
		{10304207-735E-40CC-8073-6CF89D1C6595}.Debug|Any CPU.ActiveCfg = Debug|Any CPU
		{10304207-735E-40CC-8073-6CF89D1C6595}.Debug|Any CPU.Build.0 = Debug|Any CPU
		{10304207-735E-40CC-8073-6CF89D1C6595}.Release|Any CPU.ActiveCfg = Release|Any CPU
		{10304207-735E-40CC-8073-6CF89D1C6595}.Release|Any CPU.Build.0 = Release|Any CPU
		{58ECB5F8-FC6B-438D-9AC7-B89DCBA0735E}.Debug|Any CPU.ActiveCfg = Debug|Any CPU
		{58ECB5F8-FC6B-438D-9AC7-B89DCBA0735E}.Debug|Any CPU.Build.0 = Debug|Any CPU
		{58ECB5F8-FC6B-438D-9AC7-B89DCBA0735E}.Release|Any CPU.ActiveCfg = Release|Any CPU
		{58ECB5F8-FC6B-438D-9AC7-B89DCBA0735E}.Release|Any CPU.Build.0 = Release|Any CPU
	EndGlobalSection
	GlobalSection(SolutionProperties) = preSolution
		HideSolutionNode = FALSE
	EndGlobalSection
	GlobalSection(ExtensibilityGlobals) = postSolution
		SolutionGuid = {77416560-F896-4BE2-A201-C88CF7869D1A}
	EndGlobalSection
EndGlobal
